
Microsoft Visual Studio Solution File, Format Version 12.00
# Visual Studio Version 16
VisualStudioVersion = 16.0.29209.62
MinimumVisualStudioVersion = 10.0.40219.1
Project("{FAE04EC0-301F-11D3-BF4B-00C04F79EFBC}") = "FoodtruckWPFApp", "FoodtruckWPFApp\FoodtruckWPFApp.csproj", "{4148C659-65A8-4F46-BD80-5061E56D7679}"
EndProject
Project("{FAE04EC0-301F-11D3-BF4B-00C04F79EFBC}") = "FoodtruckApp", "FoodtruckApp\FoodtruckApp.csproj", "{2A051DC0-EE99-44A6-A30D-D6851D02A2C7}"
EndProject
Global
	GlobalSection(SolutionConfigurationPlatforms) = preSolution
		Debug|Any CPU = Debug|Any CPU
		Release|Any CPU = Release|Any CPU
	EndGlobalSection
	GlobalSection(ProjectConfigurationPlatforms) = postSolution
		{4148C659-65A8-4F46-BD80-5061E56D7679}.Debug|Any CPU.ActiveCfg = Debug|Any CPU
		{4148C659-65A8-4F46-BD80-5061E56D7679}.Debug|Any CPU.Build.0 = Debug|Any CPU
		{4148C659-65A8-4F46-BD80-5061E56D7679}.Release|Any CPU.ActiveCfg = Release|Any CPU
		{4148C659-65A8-4F46-BD80-5061E56D7679}.Release|Any CPU.Build.0 = Release|Any CPU
		{2A051DC0-EE99-44A6-A30D-D6851D02A2C7}.Debug|Any CPU.ActiveCfg = Debug|Any CPU
		{2A051DC0-EE99-44A6-A30D-D6851D02A2C7}.Debug|Any CPU.Build.0 = Debug|Any CPU
		{2A051DC0-EE99-44A6-A30D-D6851D02A2C7}.Release|Any CPU.ActiveCfg = Release|Any CPU
		{2A051DC0-EE99-44A6-A30D-D6851D02A2C7}.Release|Any CPU.Build.0 = Release|Any CPU
	EndGlobalSection
	GlobalSection(SolutionProperties) = preSolution
		HideSolutionNode = FALSE
	EndGlobalSection
	GlobalSection(ExtensibilityGlobals) = postSolution
		SolutionGuid = {D03A1D5F-C4F8-4CF9-9324-20B4D65EEEE2}
	EndGlobalSection
EndGlobal
